
Microsoft Visual Studio Solution File, Format Version 12.00
# Visual Studio Version 17
VisualStudioVersion = 17.0.31903.59
MinimumVisualStudioVersion = 10.0.40219.1
Project("{FAE04EC0-301F-11D3-BF4B-00C04F79EFBC}") = "MixedWorkflowAgentsAndExecutors", "src\MixedWorkflowAgentsAndExecutors\MixedWorkflowAgentsAndExecutors.csproj", "{C60A9B21-7B6B-466C-846D-EC4F11211A3B}"
EndProject
Project("{2150E333-8FDC-42A3-9474-1A3956D46DE8}") = "Artifacts", "Artifacts", "{1A39A94A-6125-43C9-9E1E-AF8DCAEB60F3}"
	ProjectSection(SolutionItems) = preProject
		LICENSE = LICENSE
		README.md = README.md
		code_review_workflow.svg = code_review_workflow.svg
	EndProjectSection
EndProject
Global
	GlobalSection(SolutionConfigurationPlatforms) = preSolution
		Debug|Any CPU = Debug|Any CPU
		Release|Any CPU = Release|Any CPU
	EndGlobalSection
	GlobalSection(SolutionProperties) = preSolution
		HideSolutionNode = FALSE
	EndGlobalSection
	GlobalSection(ProjectConfigurationPlatforms) = postSolution
		{C60A9B21-7B6B-466C-846D-EC4F11211A3B}.Debug|Any CPU.ActiveCfg = Debug|Any CPU
		{C60A9B21-7B6B-466C-846D-EC4F11211A3B}.Debug|Any CPU.Build.0 = Debug|Any CPU
		{C60A9B21-7B6B-466C-846D-EC4F11211A3B}.Release|Any CPU.ActiveCfg = Release|Any CPU
		{C60A9B21-7B6B-466C-846D-EC4F11211A3B}.Release|Any CPU.Build.0 = Release|Any CPU
	EndGlobalSection
EndGlobal
